{
    "_readme": [
        "This file locks the dependencies of your project to a known state",
        "Read more about it at https://getcomposer.org/doc/01-basic-usage.md#installing-dependencies",
        "This file is @generated automatically"
    ],
    "content-hash": "4a9e9c4518437d49e1c9f88d1bf99390",
    "packages": [
        {
            "name": "phpgt/dom",
            "version": "dev-master",
            "source": {
                "type": "git",
                "url": "https://github.com/PhpGt/Dom.git",
                "reference": "3dc358e64958071bfba068d8ae6f8a190102a45b"
            },
            "dist": {
                "type": "zip",
                "url": "https://api.github.com/repos/PhpGt/Dom/zipball/3dc358e64958071bfba068d8ae6f8a190102a45b",
                "reference": "3dc358e64958071bfba068d8ae6f8a190102a45b",
                "shasum": ""
            },
            "require": {
                "ext-dom": "*",
                "ext-mbstring": "*",
                "php": ">=7.2.0",
                "symfony/css-selector": "3.2.14"
            },
            "require-dev": {
                "phpunit/phpunit": "8.*"
            },
            "type": "library",
            "autoload": {
                "psr-4": {
                    "Gt\\Dom\\": "./src"
                }
            },
            "notification-url": "https://packagist.org/downloads/",
            "license": [
                "MIT"
            ],
            "authors": [
                {
                    "name": "Greg Bowler",
                    "email": "greg.bowler@g105b.com",
                    "homepage": "https://www.g105b.com",
                    "role": "Developer"
                },
                {
                    "name": "Alvaro Guimaraes",
                    "homepage": "https://github.com/aguimaraes",
                    "role": "Developer"
                },
                {
                    "name": "James Fellows",
                    "homepage": "https://github.com/j4m3s",
                    "role": "Developer"
                },
                {
                    "name": "Emile Ward",
                    "homepage": "https://github.com/emileward",
                    "role": "Developer"
                },
                {
                    "name": "Jelmer Wijnja",
                    "homepage": "https://github.com/Jelmergu",
                    "role": "Developer"
                },
                {
                    "name": "Ognjen Petrovic",
                    "homepage": "https://github.com/ognjen-petrovic",
                    "role": "Developer"
                },
                {
                    "name": "Jacob Bearden",
                    "homepage": "https://github.com/jacobbearden",
                    "role": "Documentation contributor"
                },
                {
                    "name": "Jaroslav Týc",
                    "homepage": "https://www.jaroslavtyc.com/",
                    "role": "Developer"
                }
            ],
            "description": "The modern DOM API for PHP 7 projects.",
            "time": "2019-02-08T11:23:24+00:00"
        },
        {
            "name": "phpgt/domtemplate",
            "version": "dev-master",
            "source": {
                "type": "git",
                "url": "https://github.com/PhpGt/DomTemplate.git",
                "reference": "cf1789dc339751949782f2a375cbcc97a70d20dd"
            },
            "dist": {
                "type": "zip",
                "url": "https://api.github.com/repos/PhpGt/DomTemplate/zipball/cf1789dc339751949782f2a375cbcc97a70d20dd",
                "reference": "cf1789dc339751949782f2a375cbcc97a70d20dd",
                "shasum": ""
            },
            "require": {
                "phpgt/dom": "dev-master"
            },
            "require-dev": {
                "phpunit/phpunit": "8.*"
            },
            "type": "library",
            "autoload": {
                "psr-4": {
                    "Gt\\DomTemplate\\": "./src"
                }
            },
            "notification-url": "https://packagist.org/downloads/",
            "license": [
                "MIT"
            ],
            "description": "Bind dynamic data to reusable HTML components.",
            "time": "2019-02-08T10:38:01+00:00"
        },
        {
            "name": "symfony/css-selector",
            "version": "v3.2.14",
            "source": {
                "type": "git",
                "url": "https://github.com/symfony/css-selector.git",
                "reference": "02983c144038e697c959e6b06ef6666de759ccbc"
            },
            "dist": {
                "type": "zip",
                "url": "https://api.github.com/repos/symfony/css-selector/zipball/02983c144038e697c959e6b06ef6666de759ccbc",
                "reference": "02983c144038e697c959e6b06ef6666de759ccbc",
                "shasum": ""
            },
            "require": {
                "php": ">=5.5.9"
            },
            "type": "library",
            "extra": {
                "branch-alias": {
                    "dev-master": "3.2-dev"
                }
            },
            "autoload": {
                "psr-4": {
                    "Symfony\\Component\\CssSelector\\": ""
                },
                "exclude-from-classmap": [
                    "/Tests/"
                ]
            },
            "notification-url": "https://packagist.org/downloads/",
            "license": [
                "MIT"
            ],
            "authors": [
                {
                    "name": "Jean-François Simon",
                    "email": "jeanfrancois.simon@sensiolabs.com"
                },
                {
                    "name": "Fabien Potencier",
                    "email": "fabien@symfony.com"
                },
                {
                    "name": "Symfony Community",
                    "homepage": "https://symfony.com/contributors"
                }
            ],
            "description": "Symfony CssSelector Component",
            "homepage": "https://symfony.com",
            "time": "2017-05-01T14:55:58+00:00"
        }
    ],
    "packages-dev": [],
    "aliases": [],
    "minimum-stability": "dev",
    "stability-flags": {
        "phpgt/domtemplate": 20
    },
    "prefer-stable": false,
    "prefer-lowest": false,
    "platform": [],
    "platform-dev": []
}
